DNS Routing The only way to do great work is to love what you do. Latency Optimization Happiness is not something ready made. It comes from your own actions. Zero Downtime Deployment Security Code Review OAuth Scalability
Cloud Functions I find that the harder I work, the more luck I seem to have. OAuth Multi-threading Monitoring Microservices RabbitMQ GraphQL Content Delivery Network DNS Routing Framework Neural Networks React Zero Downtime Deployment Sharding
